
Microsoft Visual Studio Solution File, Format Version 12.00
# Visual Studio Version 17
VisualStudioVersion = 17.3.32804.467
MinimumVisualStudioVersion = 10.0.40219.1
Project("{FAE04EC0-301F-11D3-BF4B-00C04F79EFBC}") = "FaceDetection", "FaceDetection\FaceDetection.csproj", "{272BFCCB-4ACF-4001-A886-19F89C8D4D3E}"
EndProject
Global
	GlobalSection(SolutionConfigurationPlatforms) = preSolution
		Debug|Any CPU = Debug|Any CPU
		Release|Any CPU = Release|Any CPU
	EndGlobalSection
	GlobalSection(ProjectConfigurationPlatforms) = postSolution
		{272BFCCB-4ACF-4001-A886-19F89C8D4D3E}.Debug|Any CPU.ActiveCfg = Debug|Any CPU
		{272BFCCB-4ACF-4001-A886-19F89C8D4D3E}.Debug|Any CPU.Build.0 = Debug|Any CPU
		{272BFCCB-4ACF-4001-A886-19F89C8D4D3E}.Release|Any CPU.ActiveCfg = Release|Any CPU
		{272BFCCB-4ACF-4001-A886-19F89C8D4D3E}.Release|Any CPU.Build.0 = Release|Any CPU
	EndGlobalSection
	GlobalSection(SolutionProperties) = preSolution
		HideSolutionNode = FALSE
	EndGlobalSection
	GlobalSection(ExtensibilityGlobals) = postSolution
		SolutionGuid = {1C9FFB47-9B4B-420D-964F-A3F72C0BC1ED}
	EndGlobalSection
EndGlobal
